
Microsoft Visual Studio Solution File, Format Version 12.00
# Visual Studio 15
VisualStudioVersion = 15.0.28010.2046
MinimumVisualStudioVersion = 10.0.40219.1
Project("{FAE04EC0-301F-11D3-BF4B-00C04F79EFBC}") = "airlineclientside", "airlineclientside\airlineclientside.csproj", "{8ED39E3E-9DDE-48A7-807F-744DA3C093CA}"
EndProject
Global
	GlobalSection(SolutionConfigurationPlatforms) = preSolution
		Debug|Any CPU = Debug|Any CPU
		Release|Any CPU = Release|Any CPU
	EndGlobalSection
	GlobalSection(ProjectConfigurationPlatforms) = postSolution
		{8ED39E3E-9DDE-48A7-807F-744DA3C093CA}.Debug|Any CPU.ActiveCfg = Debug|Any CPU
		{8ED39E3E-9DDE-48A7-807F-744DA3C093CA}.Debug|Any CPU.Build.0 = Debug|Any CPU
		{8ED39E3E-9DDE-48A7-807F-744DA3C093CA}.Release|Any CPU.ActiveCfg = Release|Any CPU
		{8ED39E3E-9DDE-48A7-807F-744DA3C093CA}.Release|Any CPU.Build.0 = Release|Any CPU
	EndGlobalSection
	GlobalSection(SolutionProperties) = preSolution
		HideSolutionNode = FALSE
	EndGlobalSection
	GlobalSection(ExtensibilityGlobals) = postSolution
		SolutionGuid = {4CD2D866-38B3-4C82-99F3-76CAF6F1BBD3}
	EndGlobalSection
EndGlobal
